
Microsoft Visual Studio Solution File, Format Version 12.00
# Visual Studio Version 17
VisualStudioVersion = 17.0.31903.59
MinimumVisualStudioVersion = 10.0.40219.1
Project("{2150E333-8FDC-42A3-9474-1A3956D46DE8}") = "250120-22", "250120-22", "{0305BD3D-20FD-424A-89F5-C0652BC3A50B}"
EndProject
Project("{FAE04EC0-301F-11D3-BF4B-00C04F79EFBC}") = "Hoeses2", "250120-22\Hoeses2\Hoeses2.csproj", "{A4105702-7539-4717-AD4D-B53488355AC1}"
EndProject
Global
	GlobalSection(SolutionConfigurationPlatforms) = preSolution
		Debug|Any CPU = Debug|Any CPU
		Release|Any CPU = Release|Any CPU
	EndGlobalSection
	GlobalSection(SolutionProperties) = preSolution
		HideSolutionNode = FALSE
	EndGlobalSection
	GlobalSection(ProjectConfigurationPlatforms) = postSolution
		{A4105702-7539-4717-AD4D-B53488355AC1}.Debug|Any CPU.ActiveCfg = Debug|Any CPU
		{A4105702-7539-4717-AD4D-B53488355AC1}.Debug|Any CPU.Build.0 = Debug|Any CPU
		{A4105702-7539-4717-AD4D-B53488355AC1}.Release|Any CPU.ActiveCfg = Release|Any CPU
		{A4105702-7539-4717-AD4D-B53488355AC1}.Release|Any CPU.Build.0 = Release|Any CPU
	EndGlobalSection
	GlobalSection(NestedProjects) = preSolution
		{A4105702-7539-4717-AD4D-B53488355AC1} = {0305BD3D-20FD-424A-89F5-C0652BC3A50B}
	EndGlobalSection
EndGlobal
