
Microsoft Visual Studio Solution File, Format Version 12.00
# Visual Studio Version 17
VisualStudioVersion = 17.0.31903.59
MinimumVisualStudioVersion = 10.0.40219.1
Project("{2150E333-8FDC-42A3-9474-1A3956D46DE8}") = "250120-22", "250120-22", "{0B3B58A8-01C9-4925-9A07-701AFC859FF8}"
EndProject
Project("{FAE04EC0-301F-11D3-BF4B-00C04F79EFBC}") = "Hoeses", "250120-22\Hoeses\Hoeses.csproj", "{DDCB942D-5BE3-48AB-9EBC-713448760230}"
EndProject
Global
	GlobalSection(SolutionConfigurationPlatforms) = preSolution
		Debug|Any CPU = Debug|Any CPU
		Release|Any CPU = Release|Any CPU
	EndGlobalSection
	GlobalSection(SolutionProperties) = preSolution
		HideSolutionNode = FALSE
	EndGlobalSection
	GlobalSection(ProjectConfigurationPlatforms) = postSolution
		{DDCB942D-5BE3-48AB-9EBC-713448760230}.Debug|Any CPU.ActiveCfg = Debug|Any CPU
		{DDCB942D-5BE3-48AB-9EBC-713448760230}.Debug|Any CPU.Build.0 = Debug|Any CPU
		{DDCB942D-5BE3-48AB-9EBC-713448760230}.Release|Any CPU.ActiveCfg = Release|Any CPU
		{DDCB942D-5BE3-48AB-9EBC-713448760230}.Release|Any CPU.Build.0 = Release|Any CPU
	EndGlobalSection
	GlobalSection(NestedProjects) = preSolution
		{DDCB942D-5BE3-48AB-9EBC-713448760230} = {0B3B58A8-01C9-4925-9A07-701AFC859FF8}
	EndGlobalSection
EndGlobal
